
Microsoft Visual Studio Solution File, Format Version 12.00
# Visual Studio Version 16
VisualStudioVersion = 16.0.31624.102
MinimumVisualStudioVersion = 10.0.40219.1
Project("{FAE04EC0-301F-11D3-BF4B-00C04F79EFBC}") = "Parallel Forms task_2", "Parallel Forms task_2\Parallel Forms task_2.csproj", "{9C5B3BD9-FB03-4CD3-935D-13A96A715EF3}"
EndProject
Global
	GlobalSection(SolutionConfigurationPlatforms) = preSolution
		Debug|Any CPU = Debug|Any CPU
		Release|Any CPU = Release|Any CPU
	EndGlobalSection
	GlobalSection(ProjectConfigurationPlatforms) = postSolution
		{9C5B3BD9-FB03-4CD3-935D-13A96A715EF3}.Debug|Any CPU.ActiveCfg = Debug|Any CPU
		{9C5B3BD9-FB03-4CD3-935D-13A96A715EF3}.Debug|Any CPU.Build.0 = Debug|Any CPU
		{9C5B3BD9-FB03-4CD3-935D-13A96A715EF3}.Release|Any CPU.ActiveCfg = Release|Any CPU
		{9C5B3BD9-FB03-4CD3-935D-13A96A715EF3}.Release|Any CPU.Build.0 = Release|Any CPU
	EndGlobalSection
	GlobalSection(SolutionProperties) = preSolution
		HideSolutionNode = FALSE
	EndGlobalSection
	GlobalSection(ExtensibilityGlobals) = postSolution
		SolutionGuid = {83A11706-2A9A-45A5-96DF-D3F9A3791B79}
	EndGlobalSection
EndGlobal
