
Microsoft Visual Studio Solution File, Format Version 12.00
# Visual Studio Version 16
VisualStudioVersion = 16.0.31624.102
MinimumVisualStudioVersion = 10.0.40219.1
Project("{FAE04EC0-301F-11D3-BF4B-00C04F79EFBC}") = "Gaussian method", "Gaussian method\Gaussian method.csproj", "{87CDD7B4-9769-42FA-B666-613EFB5D9A34}"
EndProject
Global
	GlobalSection(SolutionConfigurationPlatforms) = preSolution
		Debug|Any CPU = Debug|Any CPU
		Release|Any CPU = Release|Any CPU
	EndGlobalSection
	GlobalSection(ProjectConfigurationPlatforms) = postSolution
		{87CDD7B4-9769-42FA-B666-613EFB5D9A34}.Debug|Any CPU.ActiveCfg = Debug|Any CPU
		{87CDD7B4-9769-42FA-B666-613EFB5D9A34}.Debug|Any CPU.Build.0 = Debug|Any CPU
		{87CDD7B4-9769-42FA-B666-613EFB5D9A34}.Release|Any CPU.ActiveCfg = Release|Any CPU
		{87CDD7B4-9769-42FA-B666-613EFB5D9A34}.Release|Any CPU.Build.0 = Release|Any CPU
	EndGlobalSection
	GlobalSection(SolutionProperties) = preSolution
		HideSolutionNode = FALSE
	EndGlobalSection
	GlobalSection(ExtensibilityGlobals) = postSolution
		SolutionGuid = {982AB0AB-0C8D-4A30-9C6D-DC8DE831BC99}
	EndGlobalSection
EndGlobal
