
Microsoft Visual Studio Solution File, Format Version 12.00
# Visual Studio Version 16
VisualStudioVersion = 16.0.31624.102
MinimumVisualStudioVersion = 10.0.40219.1
Project("{FAE04EC0-301F-11D3-BF4B-00C04F79EFBC}") = "CUDA", "CUDA\CUDA.csproj", "{A88EBB5E-4BF3-4045-A89F-B898FD616C1A}"
EndProject
Global
	GlobalSection(SolutionConfigurationPlatforms) = preSolution
		Debug|Any CPU = Debug|Any CPU
		Release|Any CPU = Release|Any CPU
	EndGlobalSection
	GlobalSection(ProjectConfigurationPlatforms) = postSolution
		{A88EBB5E-4BF3-4045-A89F-B898FD616C1A}.Debug|Any CPU.ActiveCfg = Debug|Any CPU
		{A88EBB5E-4BF3-4045-A89F-B898FD616C1A}.Debug|Any CPU.Build.0 = Debug|Any CPU
		{A88EBB5E-4BF3-4045-A89F-B898FD616C1A}.Release|Any CPU.ActiveCfg = Release|Any CPU
		{A88EBB5E-4BF3-4045-A89F-B898FD616C1A}.Release|Any CPU.Build.0 = Release|Any CPU
	EndGlobalSection
	GlobalSection(SolutionProperties) = preSolution
		HideSolutionNode = FALSE
	EndGlobalSection
	GlobalSection(ExtensibilityGlobals) = postSolution
		SolutionGuid = {4AF34BB2-79E5-45D4-9BFC-2552CFEEB23C}
	EndGlobalSection
EndGlobal
