
Microsoft Visual Studio Solution File, Format Version 12.00
# Visual Studio Version 16
VisualStudioVersion = 16.0.31624.102
MinimumVisualStudioVersion = 10.0.40219.1
Project("{FAE04EC0-301F-11D3-BF4B-00C04F79EFBC}") = "Parallel forms", "Parallel forms\Parallel forms.csproj", "{D88D269E-5C08-453D-BB41-FD5B39B3DD7A}"
EndProject
Global
	GlobalSection(SolutionConfigurationPlatforms) = preSolution
		Debug|Any CPU = Debug|Any CPU
		Release|Any CPU = Release|Any CPU
	EndGlobalSection
	GlobalSection(ProjectConfigurationPlatforms) = postSolution
		{D88D269E-5C08-453D-BB41-FD5B39B3DD7A}.Debug|Any CPU.ActiveCfg = Debug|Any CPU
		{D88D269E-5C08-453D-BB41-FD5B39B3DD7A}.Debug|Any CPU.Build.0 = Debug|Any CPU
		{D88D269E-5C08-453D-BB41-FD5B39B3DD7A}.Release|Any CPU.ActiveCfg = Release|Any CPU
		{D88D269E-5C08-453D-BB41-FD5B39B3DD7A}.Release|Any CPU.Build.0 = Release|Any CPU
	EndGlobalSection
	GlobalSection(SolutionProperties) = preSolution
		HideSolutionNode = FALSE
	EndGlobalSection
	GlobalSection(ExtensibilityGlobals) = postSolution
		SolutionGuid = {0B4CC51E-EFC3-43D2-A7CB-CC778C78C03B}
	EndGlobalSection
EndGlobal
